
Microsoft Visual Studio Solution File, Format Version 12.00
# Visual Studio Version 17
VisualStudioVersion = 17.12.35707.178
MinimumVisualStudioVersion = 10.0.40219.1
Project("{FAE04EC0-301F-11D3-BF4B-00C04F79EFBC}") = "RabbitMQ.Publisher", "RabbitMQ.Publisher\RabbitMQ.Publisher.csproj", "{BB060760-192A-4212-BA0A-3BA1428C39AA}"
EndProject
Project("{FAE04EC0-301F-11D3-BF4B-00C04F79EFBC}") = "RabbitMQ.Consumer", "RabbitMQ.Consumer\RabbitMQ.Consumer.csproj", "{3A406524-B31B-4C4F-870E-FCFD36AABB71}"
EndProject
Project("{FAE04EC0-301F-11D3-BF4B-00C04F79EFBC}") = "RabbitMQ.DirectExchange.Publisher", "RabbitMQ.DirectExchange.Publisher\RabbitMQ.DirectExchange.Publisher.csproj", "{E9E57BCD-83F1-4FB3-B267-4D9B22CE0F31}"
EndProject
Project("{FAE04EC0-301F-11D3-BF4B-00C04F79EFBC}") = "RabbitMQ.DirectExchange.Consumer", "RabbitMQ.DirectExchange.Consumer\RabbitMQ.DirectExchange.Consumer.csproj", "{137D4EEF-F090-4519-99A9-CB290446EE4E}"
EndProject
Project("{FAE04EC0-301F-11D3-BF4B-00C04F79EFBC}") = "RabbitMQ.FanoutExchange.Publisher", "RabbitMQ.FanoutExchange.Publisher\RabbitMQ.FanoutExchange.Publisher.csproj", "{D2493812-F678-429C-8DD8-DF5ED277B5CB}"
EndProject
Project("{FAE04EC0-301F-11D3-BF4B-00C04F79EFBC}") = "RabbitMQ.FanoutExchange.Consumer", "RabbitMQ.FanoutExchange.Consumer\RabbitMQ.FanoutExchange.Consumer.csproj", "{6B394624-6163-4DFA-84D4-55DB8E8878DC}"
EndProject
Project("{2150E333-8FDC-42A3-9474-1A3956D46DE8}") = "Solution Items", "Solution Items", "{B78E71B5-7F23-4F89-AC81-CC5DC9025542}"
	ProjectSection(SolutionItems) = preProject
		.gitignore = .gitignore
	EndProjectSection
EndProject
Project("{FAE04EC0-301F-11D3-BF4B-00C04F79EFBC}") = "RabbitMQ.TopicExchange.Publisher", "RabbitMQ.TopicExchange.Publisher\RabbitMQ.TopicExchange.Publisher.csproj", "{A03A0D99-9EB3-4749-A632-14070B5E738E}"
EndProject
Project("{FAE04EC0-301F-11D3-BF4B-00C04F79EFBC}") = "RabbitMQ.TopicExchange.Consumer", "RabbitMQ.TopicExchange.Consumer\RabbitMQ.TopicExchange.Consumer.csproj", "{EC178EA5-65F2-4CC8-B807-6AF8EF5CECF6}"
EndProject
Global
	GlobalSection(SolutionConfigurationPlatforms) = preSolution
		Debug|Any CPU = Debug|Any CPU
		Release|Any CPU = Release|Any CPU
	EndGlobalSection
	GlobalSection(ProjectConfigurationPlatforms) = postSolution
		{BB060760-192A-4212-BA0A-3BA1428C39AA}.Debug|Any CPU.ActiveCfg = Debug|Any CPU
		{BB060760-192A-4212-BA0A-3BA1428C39AA}.Debug|Any CPU.Build.0 = Debug|Any CPU
		{BB060760-192A-4212-BA0A-3BA1428C39AA}.Release|Any CPU.ActiveCfg = Release|Any CPU
		{BB060760-192A-4212-BA0A-3BA1428C39AA}.Release|Any CPU.Build.0 = Release|Any CPU
		{3A406524-B31B-4C4F-870E-FCFD36AABB71}.Debug|Any CPU.ActiveCfg = Debug|Any CPU
		{3A406524-B31B-4C4F-870E-FCFD36AABB71}.Debug|Any CPU.Build.0 = Debug|Any CPU
		{3A406524-B31B-4C4F-870E-FCFD36AABB71}.Release|Any CPU.ActiveCfg = Release|Any CPU
		{3A406524-B31B-4C4F-870E-FCFD36AABB71}.Release|Any CPU.Build.0 = Release|Any CPU
		{E9E57BCD-83F1-4FB3-B267-4D9B22CE0F31}.Debug|Any CPU.ActiveCfg = Debug|Any CPU
		{E9E57BCD-83F1-4FB3-B267-4D9B22CE0F31}.Debug|Any CPU.Build.0 = Debug|Any CPU
		{E9E57BCD-83F1-4FB3-B267-4D9B22CE0F31}.Release|Any CPU.ActiveCfg = Release|Any CPU
		{E9E57BCD-83F1-4FB3-B267-4D9B22CE0F31}.Release|Any CPU.Build.0 = Release|Any CPU
		{137D4EEF-F090-4519-99A9-CB290446EE4E}.Debug|Any CPU.ActiveCfg = Debug|Any CPU
		{137D4EEF-F090-4519-99A9-CB290446EE4E}.Debug|Any CPU.Build.0 = Debug|Any CPU
		{137D4EEF-F090-4519-99A9-CB290446EE4E}.Release|Any CPU.ActiveCfg = Release|Any CPU
		{137D4EEF-F090-4519-99A9-CB290446EE4E}.Release|Any CPU.Build.0 = Release|Any CPU
		{D2493812-F678-429C-8DD8-DF5ED277B5CB}.Debug|Any CPU.ActiveCfg = Debug|Any CPU
		{D2493812-F678-429C-8DD8-DF5ED277B5CB}.Debug|Any CPU.Build.0 = Debug|Any CPU
		{D2493812-F678-429C-8DD8-DF5ED277B5CB}.Release|Any CPU.ActiveCfg = Release|Any CPU
		{D2493812-F678-429C-8DD8-DF5ED277B5CB}.Release|Any CPU.Build.0 = Release|Any CPU
		{6B394624-6163-4DFA-84D4-55DB8E8878DC}.Debug|Any CPU.ActiveCfg = Debug|Any CPU
		{6B394624-6163-4DFA-84D4-55DB8E8878DC}.Debug|Any CPU.Build.0 = Debug|Any CPU
		{6B394624-6163-4DFA-84D4-55DB8E8878DC}.Release|Any CPU.ActiveCfg = Release|Any CPU
		{6B394624-6163-4DFA-84D4-55DB8E8878DC}.Release|Any CPU.Build.0 = Release|Any CPU
		{A03A0D99-9EB3-4749-A632-14070B5E738E}.Debug|Any CPU.ActiveCfg = Debug|Any CPU
		{A03A0D99-9EB3-4749-A632-14070B5E738E}.Debug|Any CPU.Build.0 = Debug|Any CPU
		{A03A0D99-9EB3-4749-A632-14070B5E738E}.Release|Any CPU.ActiveCfg = Release|Any CPU
		{A03A0D99-9EB3-4749-A632-14070B5E738E}.Release|Any CPU.Build.0 = Release|Any CPU
		{EC178EA5-65F2-4CC8-B807-6AF8EF5CECF6}.Debug|Any CPU.ActiveCfg = Debug|Any CPU
		{EC178EA5-65F2-4CC8-B807-6AF8EF5CECF6}.Debug|Any CPU.Build.0 = Debug|Any CPU
		{EC178EA5-65F2-4CC8-B807-6AF8EF5CECF6}.Release|Any CPU.ActiveCfg = Release|Any CPU
		{EC178EA5-65F2-4CC8-B807-6AF8EF5CECF6}.Release|Any CPU.Build.0 = Release|Any CPU
	EndGlobalSection
	GlobalSection(SolutionProperties) = preSolution
		HideSolutionNode = FALSE
	EndGlobalSection
EndGlobal
